
Microsoft Visual Studio Solution File, Format Version 12.00
# Visual Studio Version 17
VisualStudioVersion = 17.7.34031.279
MinimumVisualStudioVersion = 10.0.40219.1
Project("{FAE04EC0-301F-11D3-BF4B-00C04F79EFBC}") = "BigMart", "BigMart\BigMart.csproj", "{77B7CE7C-3E3B-42B1-8CBA-5FFB6FEFDADD}"
EndProject
Global
	GlobalSection(SolutionConfigurationPlatforms) = preSolution
		Debug|Any CPU = Debug|Any CPU
		Release|Any CPU = Release|Any CPU
	EndGlobalSection
	GlobalSection(ProjectConfigurationPlatforms) = postSolution
		{77B7CE7C-3E3B-42B1-8CBA-5FFB6FEFDADD}.Debug|Any CPU.ActiveCfg = Debug|Any CPU
		{77B7CE7C-3E3B-42B1-8CBA-5FFB6FEFDADD}.Debug|Any CPU.Build.0 = Debug|Any CPU
		{77B7CE7C-3E3B-42B1-8CBA-5FFB6FEFDADD}.Release|Any CPU.ActiveCfg = Release|Any CPU
		{77B7CE7C-3E3B-42B1-8CBA-5FFB6FEFDADD}.Release|Any CPU.Build.0 = Release|Any CPU
	EndGlobalSection
	GlobalSection(SolutionProperties) = preSolution
		HideSolutionNode = FALSE
	EndGlobalSection
	GlobalSection(ExtensibilityGlobals) = postSolution
		SolutionGuid = {F020E576-41A0-4ECA-B334-6C34C9AE1519}
	EndGlobalSection
EndGlobal
